
Microsoft Visual Studio Solution File, Format Version 12.00
# Visual Studio 15
VisualStudioVersion = 15.0.27130.2020
MinimumVisualStudioVersion = 10.0.40219.1
Project("{FAE04EC0-301F-11D3-BF4B-00C04F79EFBC}") = "App3.Android", "App3\App3.Android\App3.Android.csproj", "{983F8045-8427-434A-924E-42DD85267B06}"
EndProject
Project("{FAE04EC0-301F-11D3-BF4B-00C04F79EFBC}") = "App3.iOS", "App3\App3.iOS\App3.iOS.csproj", "{846AA59E-6690-424E-BEBA-857493C19D40}"
EndProject
Project("{FAE04EC0-301F-11D3-BF4B-00C04F79EFBC}") = "App3.UWP", "App3\App3.UWP\App3.UWP.csproj", "{F0FDE525-C7DE-421B-8631-EABA190EFACE}"
EndProject
Project("{FAE04EC0-301F-11D3-BF4B-00C04F79EFBC}") = "App3", "App3\App3\App3.csproj", "{3520AB6F-4CA3-4E4F-BE99-3311681BE92C}"
EndProject
Global
	GlobalSection(SolutionConfigurationPlatforms) = preSolution
		Ad-Hoc|Any CPU = Ad-Hoc|Any CPU
		Ad-Hoc|ARM = Ad-Hoc|ARM
		Ad-Hoc|iPhone = Ad-Hoc|iPhone
		Ad-Hoc|iPhoneSimulator = Ad-Hoc|iPhoneSimulator
		Ad-Hoc|x64 = Ad-Hoc|x64
		Ad-Hoc|x86 = Ad-Hoc|x86
		AppStore|Any CPU = AppStore|Any CPU
		AppStore|ARM = AppStore|ARM
		AppStore|iPhone = AppStore|iPhone
		AppStore|iPhoneSimulator = AppStore|iPhoneSimulator
		AppStore|x64 = AppStore|x64
		AppStore|x86 = AppStore|x86
		Debug|Any CPU = Debug|Any CPU
		Debug|ARM = Debug|ARM
		Debug|iPhone = Debug|iPhone
		Debug|iPhoneSimulator = Debug|iPhoneSimulator
		Debug|x64 = Debug|x64
		Debug|x86 = Debug|x86
		Release|Any CPU = Release|Any CPU
		Release|ARM = Release|ARM
		Release|iPhone = Release|iPhone
		Release|iPhoneSimulator = Release|iPhoneSimulator
		Release|x64 = Release|x64
		Release|x86 = Release|x86
	EndGlobalSection
	GlobalSection(ProjectConfigurationPlatforms) = postSolution
		{983F8045-8427-434A-924E-42DD85267B06}.Ad-Hoc|Any CPU.ActiveCfg = Release|Any CPU
		{983F8045-8427-434A-924E-42DD85267B06}.Ad-Hoc|Any CPU.Build.0 = Release|Any CPU
		{983F8045-8427-434A-924E-42DD85267B06}.Ad-Hoc|Any CPU.Deploy.0 = Release|Any CPU
		{983F8045-8427-434A-924E-42DD85267B06}.Ad-Hoc|ARM.ActiveCfg = Release|Any CPU
		{983F8045-8427-434A-924E-42DD85267B06}.Ad-Hoc|ARM.Build.0 = Release|Any CPU
		{983F8045-8427-434A-924E-42DD85267B06}.Ad-Hoc|ARM.Deploy.0 = Release|Any CPU
		{983F8045-8427-434A-924E-42DD85267B06}.Ad-Hoc|iPhone.ActiveCfg = Release|Any CPU
		{983F8045-8427-434A-924E-42DD85267B06}.Ad-Hoc|iPhone.Build.0 = Release|Any CPU
		{983F8045-8427-434A-924E-42DD85267B06}.Ad-Hoc|iPhone.Deploy.0 = Release|Any CPU
		{983F8045-8427-434A-924E-42DD85267B06}.Ad-Hoc|iPhoneSimulator.ActiveCfg = Release|Any CPU
		{983F8045-8427-434A-924E-42DD85267B06}.Ad-Hoc|iPhoneSimulator.Build.0 = Release|Any CPU
		{983F8045-8427-434A-924E-42DD85267B06}.Ad-Hoc|iPhoneSimulator.Deploy.0 = Release|Any CPU
		{983F8045-8427-434A-924E-42DD85267B06}.Ad-Hoc|x64.ActiveCfg = Release|Any CPU
		{983F8045-8427-434A-924E-42DD85267B06}.Ad-Hoc|x64.Build.0 = Release|Any CPU
		{983F8045-8427-434A-924E-42DD85267B06}.Ad-Hoc|x64.Deploy.0 = Release|Any CPU
		{983F8045-8427-434A-924E-42DD85267B06}.Ad-Hoc|x86.ActiveCfg = Release|Any CPU
		{983F8045-8427-434A-924E-42DD85267B06}.Ad-Hoc|x86.Build.0 = Release|Any CPU
		{983F8045-8427-434A-924E-42DD85267B06}.Ad-Hoc|x86.Deploy.0 = Release|Any CPU
		{983F8045-8427-434A-924E-42DD85267B06}.AppStore|Any CPU.ActiveCfg = Release|Any CPU
		{983F8045-8427-434A-924E-42DD85267B06}.AppStore|Any CPU.Build.0 = Release|Any CPU
		{983F8045-8427-434A-924E-42DD85267B06}.AppStore|Any CPU.Deploy.0 = Release|Any CPU
		{983F8045-8427-434A-924E-42DD85267B06}.AppStore|ARM.ActiveCfg = Release|Any CPU
		{983F8045-8427-434A-924E-42DD85267B06}.AppStore|ARM.Build.0 = Release|Any CPU
		{983F8045-8427-434A-924E-42DD85267B06}.AppStore|ARM.Deploy.0 = Release|Any CPU
		{983F8045-8427-434A-924E-42DD85267B06}.AppStore|iPhone.ActiveCfg = Release|Any CPU
		{983F8045-8427-434A-924E-42DD85267B06}.AppStore|iPhone.Build.0 = Release|Any CPU
		{983F8045-8427-434A-924E-42DD85267B06}.AppStore|iPhone.Deploy.0 = Release|Any CPU
		{983F8045-8427-434A-924E-42DD85267B06}.AppStore|iPhoneSimulator.ActiveCfg = Release|Any CPU
		{983F8045-8427-434A-924E-42DD85267B06}.AppStore|iPhoneSimulator.Build.0 = Release|Any CPU
		{983F8045-8427-434A-924E-42DD85267B06}.AppStore|iPhoneSimulator.Deploy.0 = Release|Any CPU
		{983F8045-8427-434A-924E-42DD85267B06}.AppStore|x64.ActiveCfg = Release|Any CPU
		{983F8045-8427-434A-924E-42DD85267B06}.AppStore|x64.Build.0 = Release|Any CPU
		{983F8045-8427-434A-924E-42DD85267B06}.AppStore|x64.Deploy.0 = Release|Any CPU
		{983F8045-8427-434A-924E-42DD85267B06}.AppStore|x86.ActiveCfg = Release|Any CPU
		{983F8045-8427-434A-924E-42DD85267B06}.AppStore|x86.Build.0 = Release|Any CPU
		{983F8045-8427-434A-924E-42DD85267B06}.AppStore|x86.Deploy.0 = Release|Any CPU
		{983F8045-8427-434A-924E-42DD85267B06}.Debug|Any CPU.ActiveCfg = Debug|Any CPU
		{983F8045-8427-434A-924E-42DD85267B06}.Debug|Any CPU.Build.0 = Debug|Any CPU
		{983F8045-8427-434A-924E-42DD85267B06}.Debug|Any CPU.Deploy.0 = Debug|Any CPU
		{983F8045-8427-434A-924E-42DD85267B06}.Debug|ARM.ActiveCfg = Debug|Any CPU
		{983F8045-8427-434A-924E-42DD85267B06}.Debug|ARM.Build.0 = Debug|Any CPU
		{983F8045-8427-434A-924E-42DD85267B06}.Debug|ARM.Deploy.0 = Debug|Any CPU
		{983F8045-8427-434A-924E-42DD85267B06}.Debug|iPhone.ActiveCfg = Debug|Any CPU
		{983F8045-8427-434A-924E-42DD85267B06}.Debug|iPhone.Build.0 = Debug|Any CPU
		{983F8045-8427-434A-924E-42DD85267B06}.Debug|iPhone.Deploy.0 = Debug|Any CPU
		{983F8045-8427-434A-924E-42DD85267B06}.Debug|iPhoneSimulator.ActiveCfg = Debug|Any CPU
		{983F8045-8427-434A-924E-42DD85267B06}.Debug|iPhoneSimulator.Build.0 = Debug|Any CPU
		{983F8045-8427-434A-924E-42DD85267B06}.Debug|iPhoneSimulator.Deploy.0 = Debug|Any CPU
		{983F8045-8427-434A-924E-42DD85267B06}.Debug|x64.ActiveCfg = Debug|Any CPU
		{983F8045-8427-434A-924E-42DD85267B06}.Debug|x64.Build.0 = Debug|Any CPU
		{983F8045-8427-434A-924E-42DD85267B06}.Debug|x64.Deploy.0 = Debug|Any CPU
		{983F8045-8427-434A-924E-42DD85267B06}.Debug|x86.ActiveCfg = Debug|Any CPU
		{983F8045-8427-434A-924E-42DD85267B06}.Debug|x86.Build.0 = Debug|Any CPU
		{983F8045-8427-434A-924E-42DD85267B06}.Debug|x86.Deploy.0 = Debug|Any CPU
		{983F8045-8427-434A-924E-42DD85267B06}.Release|Any CPU.ActiveCfg = Release|Any CPU
		{983F8045-8427-434A-924E-42DD85267B06}.Release|Any CPU.Build.0 = Release|Any CPU
		{983F8045-8427-434A-924E-42DD85267B06}.Release|Any CPU.Deploy.0 = Release|Any CPU
		{983F8045-8427-434A-924E-42DD85267B06}.Release|ARM.ActiveCfg = Release|Any CPU
		{983F8045-8427-434A-924E-42DD85267B06}.Release|ARM.Build.0 = Release|Any CPU
		{983F8045-8427-434A-924E-42DD85267B06}.Release|ARM.Deploy.0 = Release|Any CPU
		{983F8045-8427-434A-924E-42DD85267B06}.Release|iPhone.ActiveCfg = Release|Any CPU
		{983F8045-8427-434A-924E-42DD85267B06}.Release|iPhone.Build.0 = Release|Any CPU
		{983F8045-8427-434A-924E-42DD85267B06}.Release|iPhone.Deploy.0 = Release|Any CPU
		{983F8045-8427-434A-924E-42DD85267B06}.Release|iPhoneSimulator.ActiveCfg = Release|Any CPU
		{983F8045-8427-434A-924E-42DD85267B06}.Release|iPhoneSimulator.Build.0 = Release|Any CPU
		{983F8045-8427-434A-924E-42DD85267B06}.Release|iPhoneSimulator.Deploy.0 = Release|Any CPU
		{983F8045-8427-434A-924E-42DD85267B06}.Release|x64.ActiveCfg = Release|Any CPU
		{983F8045-8427-434A-924E-42DD85267B06}.Release|x64.Build.0 = Release|Any CPU
		{983F8045-8427-434A-924E-42DD85267B06}.Release|x64.Deploy.0 = Release|Any CPU
		{983F8045-8427-434A-924E-42DD85267B06}.Release|x86.ActiveCfg = Release|Any CPU
		{983F8045-8427-434A-924E-42DD85267B06}.Release|x86.Build.0 = Release|Any CPU
		{983F8045-8427-434A-924E-42DD85267B06}.Release|x86.Deploy.0 = Release|Any CPU
		{846AA59E-6690-424E-BEBA-857493C19D40}.Ad-Hoc|Any CPU.ActiveCfg = Ad-Hoc|iPhone
		{846AA59E-6690-424E-BEBA-857493C19D40}.Ad-Hoc|ARM.ActiveCfg = Ad-Hoc|iPhone
		{846AA59E-6690-424E-BEBA-857493C19D40}.Ad-Hoc|iPhone.ActiveCfg = Ad-Hoc|iPhone
		{846AA59E-6690-424E-BEBA-857493C19D40}.Ad-Hoc|iPhone.Build.0 = Ad-Hoc|iPhone
		{846AA59E-6690-424E-BEBA-857493C19D40}.Ad-Hoc|iPhoneSimulator.ActiveCfg = Ad-Hoc|iPhoneSimulator
		{846AA59E-6690-424E-BEBA-857493C19D40}.Ad-Hoc|iPhoneSimulator.Build.0 = Ad-Hoc|iPhoneSimulator
		{846AA59E-6690-424E-BEBA-857493C19D40}.Ad-Hoc|x64.ActiveCfg = Ad-Hoc|iPhone
		{846AA59E-6690-424E-BEBA-857493C19D40}.Ad-Hoc|x86.ActiveCfg = Ad-Hoc|iPhone
		{846AA59E-6690-424E-BEBA-857493C19D40}.AppStore|Any CPU.ActiveCfg = AppStore|iPhone
		{846AA59E-6690-424E-BEBA-857493C19D40}.AppStore|ARM.ActiveCfg = AppStore|iPhone
		{846AA59E-6690-424E-BEBA-857493C19D40}.AppStore|iPhone.ActiveCfg = AppStore|iPhone
		{846AA59E-6690-424E-BEBA-857493C19D40}.AppStore|iPhone.Build.0 = AppStore|iPhone
		{846AA59E-6690-424E-BEBA-857493C19D40}.AppStore|iPhoneSimulator.ActiveCfg = AppStore|iPhoneSimulator
		{846AA59E-6690-424E-BEBA-857493C19D40}.AppStore|iPhoneSimulator.Build.0 = AppStore|iPhoneSimulator
		{846AA59E-6690-424E-BEBA-857493C19D40}.AppStore|x64.ActiveCfg = AppStore|iPhone
		{846AA59E-6690-424E-BEBA-857493C19D40}.AppStore|x86.ActiveCfg = AppStore|iPhone
		{846AA59E-6690-424E-BEBA-857493C19D40}.Debug|Any CPU.ActiveCfg = Debug|iPhone
		{846AA59E-6690-424E-BEBA-857493C19D40}.Debug|ARM.ActiveCfg = Debug|iPhone
		{846AA59E-6690-424E-BEBA-857493C19D40}.Debug|iPhone.ActiveCfg = Debug|iPhone
		{846AA59E-6690-424E-BEBA-857493C19D40}.Debug|iPhone.Build.0 = Debug|iPhone
		{846AA59E-6690-424E-BEBA-857493C19D40}.Debug|iPhoneSimulator.ActiveCfg = Debug|iPhoneSimulator
		{846AA59E-6690-424E-BEBA-857493C19D40}.Debug|iPhoneSimulator.Build.0 = Debug|iPhoneSimulator
		{846AA59E-6690-424E-BEBA-857493C19D40}.Debug|x64.ActiveCfg = Debug|iPhone
		{846AA59E-6690-424E-BEBA-857493C19D40}.Debug|x86.ActiveCfg = Debug|iPhone
		{846AA59E-6690-424E-BEBA-857493C19D40}.Release|Any CPU.ActiveCfg = Release|iPhone
		{846AA59E-6690-424E-BEBA-857493C19D40}.Release|ARM.ActiveCfg = Release|iPhone
		{846AA59E-6690-424E-BEBA-857493C19D40}.Release|iPhone.ActiveCfg = Release|iPhone
		{846AA59E-6690-424E-BEBA-857493C19D40}.Release|iPhone.Build.0 = Release|iPhone
		{846AA59E-6690-424E-BEBA-857493C19D40}.Release|iPhoneSimulator.ActiveCfg = Release|iPhoneSimulator
		{846AA59E-6690-424E-BEBA-857493C19D40}.Release|iPhoneSimulator.Build.0 = Release|iPhoneSimulator
		{846AA59E-6690-424E-BEBA-857493C19D40}.Release|x64.ActiveCfg = Release|iPhone
		{846AA59E-6690-424E-BEBA-857493C19D40}.Release|x86.ActiveCfg = Release|iPhone
		{F0FDE525-C7DE-421B-8631-EABA190EFACE}.Ad-Hoc|Any CPU.ActiveCfg = Release|x86
		{F0FDE525-C7DE-421B-8631-EABA190EFACE}.Ad-Hoc|Any CPU.Build.0 = Release|x86
		{F0FDE525-C7DE-421B-8631-EABA190EFACE}.Ad-Hoc|Any CPU.Deploy.0 = Release|x86
		{F0FDE525-C7DE-421B-8631-EABA190EFACE}.Ad-Hoc|ARM.ActiveCfg = Release|ARM
		{F0FDE525-C7DE-421B-8631-EABA190EFACE}.Ad-Hoc|ARM.Build.0 = Release|ARM
		{F0FDE525-C7DE-421B-8631-EABA190EFACE}.Ad-Hoc|ARM.Deploy.0 = Release|ARM
		{F0FDE525-C7DE-421B-8631-EABA190EFACE}.Ad-Hoc|iPhone.ActiveCfg = Release|x86
		{F0FDE525-C7DE-421B-8631-EABA190EFACE}.Ad-Hoc|iPhone.Build.0 = Release|x86
		{F0FDE525-C7DE-421B-8631-EABA190EFACE}.Ad-Hoc|iPhone.Deploy.0 = Release|x86
		{F0FDE525-C7DE-421B-8631-EABA190EFACE}.Ad-Hoc|iPhoneSimulator.ActiveCfg = Release|x86
		{F0FDE525-C7DE-421B-8631-EABA190EFACE}.Ad-Hoc|iPhoneSimulator.Build.0 = Release|x86
		{F0FDE525-C7DE-421B-8631-EABA190EFACE}.Ad-Hoc|iPhoneSimulator.Deploy.0 = Release|x86
		{F0FDE525-C7DE-421B-8631-EABA190EFACE}.Ad-Hoc|x64.ActiveCfg = Release|x64
		{F0FDE525-C7DE-421B-8631-EABA190EFACE}.Ad-Hoc|x64.Build.0 = Release|x64
		{F0FDE525-C7DE-421B-8631-EABA190EFACE}.Ad-Hoc|x64.Deploy.0 = Release|x64
		{F0FDE525-C7DE-421B-8631-EABA190EFACE}.Ad-Hoc|x86.ActiveCfg = Release|x86
		{F0FDE525-C7DE-421B-8631-EABA190EFACE}.Ad-Hoc|x86.Build.0 = Release|x86
		{F0FDE525-C7DE-421B-8631-EABA190EFACE}.Ad-Hoc|x86.Deploy.0 = Release|x86
		{F0FDE525-C7DE-421B-8631-EABA190EFACE}.AppStore|Any CPU.ActiveCfg = Release|x86
		{F0FDE525-C7DE-421B-8631-EABA190EFACE}.AppStore|Any CPU.Build.0 = Release|x86
		{F0FDE525-C7DE-421B-8631-EABA190EFACE}.AppStore|Any CPU.Deploy.0 = Release|x86
		{F0FDE525-C7DE-421B-8631-EABA190EFACE}.AppStore|ARM.ActiveCfg = Release|ARM
		{F0FDE525-C7DE-421B-8631-EABA190EFACE}.AppStore|ARM.Build.0 = Release|ARM
		{F0FDE525-C7DE-421B-8631-EABA190EFACE}.AppStore|ARM.Deploy.0 = Release|ARM
		{F0FDE525-C7DE-421B-8631-EABA190EFACE}.AppStore|iPhone.ActiveCfg = Release|x86
		{F0FDE525-C7DE-421B-8631-EABA190EFACE}.AppStore|iPhone.Build.0 = Release|x86
		{F0FDE525-C7DE-421B-8631-EABA190EFACE}.AppStore|iPhone.Deploy.0 = Release|x86
		{F0FDE525-C7DE-421B-8631-EABA190EFACE}.AppStore|iPhoneSimulator.ActiveCfg = Release|x86
		{F0FDE525-C7DE-421B-8631-EABA190EFACE}.AppStore|iPhoneSimulator.Build.0 = Release|x86
		{F0FDE525-C7DE-421B-8631-EABA190EFACE}.AppStore|iPhoneSimulator.Deploy.0 = Release|x86
		{F0FDE525-C7DE-421B-8631-EABA190EFACE}.AppStore|x64.ActiveCfg = Release|x64
		{F0FDE525-C7DE-421B-8631-EABA190EFACE}.AppStore|x64.Build.0 = Release|x64
		{F0FDE525-C7DE-421B-8631-EABA190EFACE}.AppStore|x64.Deploy.0 = Release|x64
		{F0FDE525-C7DE-421B-8631-EABA190EFACE}.AppStore|x86.ActiveCfg = Release|x86
		{F0FDE525-C7DE-421B-8631-EABA190EFACE}.AppStore|x86.Build.0 = Release|x86
		{F0FDE525-C7DE-421B-8631-EABA190EFACE}.AppStore|x86.Deploy.0 = Release|x86
		{F0FDE525-C7DE-421B-8631-EABA190EFACE}.Debug|Any CPU.ActiveCfg = Debug|x86
		{F0FDE525-C7DE-421B-8631-EABA190EFACE}.Debug|ARM.ActiveCfg = Debug|ARM
		{F0FDE525-C7DE-421B-8631-EABA190EFACE}.Debug|ARM.Build.0 = Debug|ARM
		{F0FDE525-C7DE-421B-8631-EABA190EFACE}.Debug|ARM.Deploy.0 = Debug|ARM
		{F0FDE525-C7DE-421B-8631-EABA190EFACE}.Debug|iPhone.ActiveCfg = Debug|x86
		{F0FDE525-C7DE-421B-8631-EABA190EFACE}.Debug|iPhoneSimulator.ActiveCfg = Debug|x86
		{F0FDE525-C7DE-421B-8631-EABA190EFACE}.Debug|x64.ActiveCfg = Debug|x64
		{F0FDE525-C7DE-421B-8631-EABA190EFACE}.Debug|x64.Build.0 = Debug|x64
		{F0FDE525-C7DE-421B-8631-EABA190EFACE}.Debug|x64.Deploy.0 = Debug|x64
		{F0FDE525-C7DE-421B-8631-EABA190EFACE}.Debug|x86.ActiveCfg = Debug|x86
		{F0FDE525-C7DE-421B-8631-EABA190EFACE}.Debug|x86.Build.0 = Debug|x86
		{F0FDE525-C7DE-421B-8631-EABA190EFACE}.Debug|x86.Deploy.0 = Debug|x86
		{F0FDE525-C7DE-421B-8631-EABA190EFACE}.Release|Any CPU.ActiveCfg = Release|x86
		{F0FDE525-C7DE-421B-8631-EABA190EFACE}.Release|ARM.ActiveCfg = Release|ARM
		{F0FDE525-C7DE-421B-8631-EABA190EFACE}.Release|ARM.Build.0 = Release|ARM
		{F0FDE525-C7DE-421B-8631-EABA190EFACE}.Release|ARM.Deploy.0 = Release|ARM
		{F0FDE525-C7DE-421B-8631-EABA190EFACE}.Release|iPhone.ActiveCfg = Release|x86
		{F0FDE525-C7DE-421B-8631-EABA190EFACE}.Release|iPhoneSimulator.ActiveCfg = Release|x86
		{F0FDE525-C7DE-421B-8631-EABA190EFACE}.Release|x64.ActiveCfg = Release|x64
		{F0FDE525-C7DE-421B-8631-EABA190EFACE}.Release|x64.Build.0 = Release|x64
		{F0FDE525-C7DE-421B-8631-EABA190EFACE}.Release|x64.Deploy.0 = Release|x64
		{F0FDE525-C7DE-421B-8631-EABA190EFACE}.Release|x86.ActiveCfg = Release|x86
		{F0FDE525-C7DE-421B-8631-EABA190EFACE}.Release|x86.Build.0 = Release|x86
		{F0FDE525-C7DE-421B-8631-EABA190EFACE}.Release|x86.Deploy.0 = Release|x86
		{3520AB6F-4CA3-4E4F-BE99-3311681BE92C}.Ad-Hoc|Any CPU.ActiveCfg = Debug|Any CPU
		{3520AB6F-4CA3-4E4F-BE99-3311681BE92C}.Ad-Hoc|Any CPU.Build.0 = Debug|Any CPU
		{3520AB6F-4CA3-4E4F-BE99-3311681BE92C}.Ad-Hoc|ARM.ActiveCfg = Debug|Any CPU
		{3520AB6F-4CA3-4E4F-BE99-3311681BE92C}.Ad-Hoc|ARM.Build.0 = Debug|Any CPU
		{3520AB6F-4CA3-4E4F-BE99-3311681BE92C}.Ad-Hoc|iPhone.ActiveCfg = Debug|Any CPU
		{3520AB6F-4CA3-4E4F-BE99-3311681BE92C}.Ad-Hoc|iPhone.Build.0 = Debug|Any CPU
		{3520AB6F-4CA3-4E4F-BE99-3311681BE92C}.Ad-Hoc|iPhoneSimulator.ActiveCfg = Debug|Any CPU
		{3520AB6F-4CA3-4E4F-BE99-3311681BE92C}.Ad-Hoc|iPhoneSimulator.Build.0 = Debug|Any CPU
		{3520AB6F-4CA3-4E4F-BE99-3311681BE92C}.Ad-Hoc|x64.ActiveCfg = Debug|Any CPU
		{3520AB6F-4CA3-4E4F-BE99-3311681BE92C}.Ad-Hoc|x64.Build.0 = Debug|Any CPU
		{3520AB6F-4CA3-4E4F-BE99-3311681BE92C}.Ad-Hoc|x86.ActiveCfg = Debug|Any CPU
		{3520AB6F-4CA3-4E4F-BE99-3311681BE92C}.Ad-Hoc|x86.Build.0 = Debug|Any CPU
		{3520AB6F-4CA3-4E4F-BE99-3311681BE92C}.AppStore|Any CPU.ActiveCfg = Debug|Any CPU
		{3520AB6F-4CA3-4E4F-BE99-3311681BE92C}.AppStore|Any CPU.Build.0 = Debug|Any CPU
		{3520AB6F-4CA3-4E4F-BE99-3311681BE92C}.AppStore|ARM.ActiveCfg = Debug|Any CPU
		{3520AB6F-4CA3-4E4F-BE99-3311681BE92C}.AppStore|ARM.Build.0 = Debug|Any CPU
		{3520AB6F-4CA3-4E4F-BE99-3311681BE92C}.AppStore|iPhone.ActiveCfg = Debug|Any CPU
		{3520AB6F-4CA3-4E4F-BE99-3311681BE92C}.AppStore|iPhone.Build.0 = Debug|Any CPU
		{3520AB6F-4CA3-4E4F-BE99-3311681BE92C}.AppStore|iPhoneSimulator.ActiveCfg = Debug|Any CPU
		{3520AB6F-4CA3-4E4F-BE99-3311681BE92C}.AppStore|iPhoneSimulator.Build.0 = Debug|Any CPU
		{3520AB6F-4CA3-4E4F-BE99-3311681BE92C}.AppStore|x64.ActiveCfg = Debug|Any CPU
		{3520AB6F-4CA3-4E4F-BE99-3311681BE92C}.AppStore|x64.Build.0 = Debug|Any CPU
		{3520AB6F-4CA3-4E4F-BE99-3311681BE92C}.AppStore|x86.ActiveCfg = Debug|Any CPU
		{3520AB6F-4CA3-4E4F-BE99-3311681BE92C}.AppStore|x86.Build.0 = Debug|Any CPU
		{3520AB6F-4CA3-4E4F-BE99-3311681BE92C}.Debug|Any CPU.ActiveCfg = Debug|Any CPU
		{3520AB6F-4CA3-4E4F-BE99-3311681BE92C}.Debug|Any CPU.Build.0 = Debug|Any CPU
		{3520AB6F-4CA3-4E4F-BE99-3311681BE92C}.Debug|ARM.ActiveCfg = Debug|Any CPU
		{3520AB6F-4CA3-4E4F-BE99-3311681BE92C}.Debug|ARM.Build.0 = Debug|Any CPU
		{3520AB6F-4CA3-4E4F-BE99-3311681BE92C}.Debug|iPhone.ActiveCfg = Debug|Any CPU
		{3520AB6F-4CA3-4E4F-BE99-3311681BE92C}.Debug|iPhone.Build.0 = Debug|Any CPU
		{3520AB6F-4CA3-4E4F-BE99-3311681BE92C}.Debug|iPhoneSimulator.ActiveCfg = Debug|Any CPU
		{3520AB6F-4CA3-4E4F-BE99-3311681BE92C}.Debug|iPhoneSimulator.Build.0 = Debug|Any CPU
		{3520AB6F-4CA3-4E4F-BE99-3311681BE92C}.Debug|x64.ActiveCfg = Debug|Any CPU
		{3520AB6F-4CA3-4E4F-BE99-3311681BE92C}.Debug|x64.Build.0 = Debug|Any CPU
		{3520AB6F-4CA3-4E4F-BE99-3311681BE92C}.Debug|x86.ActiveCfg = Debug|Any CPU
		{3520AB6F-4CA3-4E4F-BE99-3311681BE92C}.Debug|x86.Build.0 = Debug|Any CPU
		{3520AB6F-4CA3-4E4F-BE99-3311681BE92C}.Release|Any CPU.ActiveCfg = Release|Any CPU
		{3520AB6F-4CA3-4E4F-BE99-3311681BE92C}.Release|Any CPU.Build.0 = Release|Any CPU
		{3520AB6F-4CA3-4E4F-BE99-3311681BE92C}.Release|ARM.ActiveCfg = Release|Any CPU
		{3520AB6F-4CA3-4E4F-BE99-3311681BE92C}.Release|ARM.Build.0 = Release|Any CPU
		{3520AB6F-4CA3-4E4F-BE99-3311681BE92C}.Release|iPhone.ActiveCfg = Release|Any CPU
		{3520AB6F-4CA3-4E4F-BE99-3311681BE92C}.Release|iPhone.Build.0 = Release|Any CPU
		{3520AB6F-4CA3-4E4F-BE99-3311681BE92C}.Release|iPhoneSimulator.ActiveCfg = Release|Any CPU
		{3520AB6F-4CA3-4E4F-BE99-3311681BE92C}.Release|iPhoneSimulator.Build.0 = Release|Any CPU
		{3520AB6F-4CA3-4E4F-BE99-3311681BE92C}.Release|x64.ActiveCfg = Release|Any CPU
		{3520AB6F-4CA3-4E4F-BE99-3311681BE92C}.Release|x64.Build.0 = Release|Any CPU
		{3520AB6F-4CA3-4E4F-BE99-3311681BE92C}.Release|x86.ActiveCfg = Release|Any CPU
		{3520AB6F-4CA3-4E4F-BE99-3311681BE92C}.Release|x86.Build.0 = Release|Any CPU
	EndGlobalSection
	GlobalSection(SolutionProperties) = preSolution
		HideSolutionNode = FALSE
	EndGlobalSection
	GlobalSection(ExtensibilityGlobals) = postSolution
		SolutionGuid = {E3604ED5-6150-496E-A262-7719FAAD0497}
	EndGlobalSection
EndGlobal
